
Microsoft Visual Studio Solution File, Format Version 12.00
Project("{FAE04EC0-301F-11D3-BF4B-00C04F79EFBC}") = "CompanyEmployees", "CompanyEmployees\CompanyEmployees.csproj", "{CFC05727-DCE4-48D0-B885-45300A5625F2}"
EndProject
Project("{FAE04EC0-301F-11D3-BF4B-00C04F79EFBC}") = "Entities", "Entities\Entities.csproj", "{399ABCA3-61EE-4D4B-B55C-724A4FBD455F}"
EndProject
Project("{FAE04EC0-301F-11D3-BF4B-00C04F79EFBC}") = "Repository", "Repository\Repository.csproj", "{D4B0E086-D209-4A91-9317-925BF68CBDB1}"
EndProject
Global
	GlobalSection(SolutionConfigurationPlatforms) = preSolution
		Debug|Any CPU = Debug|Any CPU
		Release|Any CPU = Release|Any CPU
	EndGlobalSection
	GlobalSection(ProjectConfigurationPlatforms) = postSolution
		{CFC05727-DCE4-48D0-B885-45300A5625F2}.Debug|Any CPU.ActiveCfg = Debug|Any CPU
		{CFC05727-DCE4-48D0-B885-45300A5625F2}.Debug|Any CPU.Build.0 = Debug|Any CPU
		{CFC05727-DCE4-48D0-B885-45300A5625F2}.Release|Any CPU.ActiveCfg = Release|Any CPU
		{CFC05727-DCE4-48D0-B885-45300A5625F2}.Release|Any CPU.Build.0 = Release|Any CPU
		{399ABCA3-61EE-4D4B-B55C-724A4FBD455F}.Debug|Any CPU.ActiveCfg = Debug|Any CPU
		{399ABCA3-61EE-4D4B-B55C-724A4FBD455F}.Debug|Any CPU.Build.0 = Debug|Any CPU
		{399ABCA3-61EE-4D4B-B55C-724A4FBD455F}.Release|Any CPU.ActiveCfg = Release|Any CPU
		{399ABCA3-61EE-4D4B-B55C-724A4FBD455F}.Release|Any CPU.Build.0 = Release|Any CPU
		{D4B0E086-D209-4A91-9317-925BF68CBDB1}.Debug|Any CPU.ActiveCfg = Debug|Any CPU
		{D4B0E086-D209-4A91-9317-925BF68CBDB1}.Debug|Any CPU.Build.0 = Debug|Any CPU
		{D4B0E086-D209-4A91-9317-925BF68CBDB1}.Release|Any CPU.ActiveCfg = Release|Any CPU
		{D4B0E086-D209-4A91-9317-925BF68CBDB1}.Release|Any CPU.Build.0 = Release|Any CPU
	EndGlobalSection
EndGlobal
