
Microsoft Visual Studio Solution File, Format Version 12.00
Project("{FAE04EC0-301F-11D3-BF4B-00C04F79EFBC}") = "CompanyEmployees", "CompanyEmployees\CompanyEmployees.csproj", "{CFC05727-DCE4-48D0-B885-45300A5625F2}"
EndProject
Project("{FAE04EC0-301F-11D3-BF4B-00C04F79EFBC}") = "Entities", "Entities\Entities.csproj", "{399ABCA3-61EE-4D4B-B55C-724A4FBD455F}"
EndProject
Project("{FAE04EC0-301F-11D3-BF4B-00C04F79EFBC}") = "Repository", "Repository\Repository.csproj", "{D4B0E086-D209-4A91-9317-925BF68CBDB1}"
EndProject
Project("{FAE04EC0-301F-11D3-BF4B-00C04F79EFBC}") = "Contracts", "Contracts\Contracts.csproj", "{CEA3293D-BFE4-4223-BD6A-19E39BE86B26}"
EndProject
Project("{FAE04EC0-301F-11D3-BF4B-00C04F79EFBC}") = "LoggerService", "LoggerService\LoggerService.csproj", "{BEF11239-39CA-4C4A-B602-597DEFD868BC}"
EndProject
Project("{FAE04EC0-301F-11D3-BF4B-00C04F79EFBC}") = "Service.Contracts", "Service.Contracts\Service.Contracts.csproj", "{B5978B4E-419B-45F0-8D33-BC4C71F67949}"
EndProject
Project("{FAE04EC0-301F-11D3-BF4B-00C04F79EFBC}") = "Service", "Service\Service.csproj", "{51B21E41-3591-4B51-9E85-77D74E1F1F7C}"
EndProject
Global
	GlobalSection(SolutionConfigurationPlatforms) = preSolution
		Debug|Any CPU = Debug|Any CPU
		Release|Any CPU = Release|Any CPU
	EndGlobalSection
	GlobalSection(ProjectConfigurationPlatforms) = postSolution
		{CFC05727-DCE4-48D0-B885-45300A5625F2}.Debug|Any CPU.ActiveCfg = Debug|Any CPU
		{CFC05727-DCE4-48D0-B885-45300A5625F2}.Debug|Any CPU.Build.0 = Debug|Any CPU
		{CFC05727-DCE4-48D0-B885-45300A5625F2}.Release|Any CPU.ActiveCfg = Release|Any CPU
		{CFC05727-DCE4-48D0-B885-45300A5625F2}.Release|Any CPU.Build.0 = Release|Any CPU
		{399ABCA3-61EE-4D4B-B55C-724A4FBD455F}.Debug|Any CPU.ActiveCfg = Debug|Any CPU
		{399ABCA3-61EE-4D4B-B55C-724A4FBD455F}.Debug|Any CPU.Build.0 = Debug|Any CPU
		{399ABCA3-61EE-4D4B-B55C-724A4FBD455F}.Release|Any CPU.ActiveCfg = Release|Any CPU
		{399ABCA3-61EE-4D4B-B55C-724A4FBD455F}.Release|Any CPU.Build.0 = Release|Any CPU
		{D4B0E086-D209-4A91-9317-925BF68CBDB1}.Debug|Any CPU.ActiveCfg = Debug|Any CPU
		{D4B0E086-D209-4A91-9317-925BF68CBDB1}.Debug|Any CPU.Build.0 = Debug|Any CPU
		{D4B0E086-D209-4A91-9317-925BF68CBDB1}.Release|Any CPU.ActiveCfg = Release|Any CPU
		{D4B0E086-D209-4A91-9317-925BF68CBDB1}.Release|Any CPU.Build.0 = Release|Any CPU
		{CEA3293D-BFE4-4223-BD6A-19E39BE86B26}.Debug|Any CPU.ActiveCfg = Debug|Any CPU
		{CEA3293D-BFE4-4223-BD6A-19E39BE86B26}.Debug|Any CPU.Build.0 = Debug|Any CPU
		{CEA3293D-BFE4-4223-BD6A-19E39BE86B26}.Release|Any CPU.ActiveCfg = Release|Any CPU
		{CEA3293D-BFE4-4223-BD6A-19E39BE86B26}.Release|Any CPU.Build.0 = Release|Any CPU
		{BEF11239-39CA-4C4A-B602-597DEFD868BC}.Debug|Any CPU.ActiveCfg = Debug|Any CPU
		{BEF11239-39CA-4C4A-B602-597DEFD868BC}.Debug|Any CPU.Build.0 = Debug|Any CPU
		{BEF11239-39CA-4C4A-B602-597DEFD868BC}.Release|Any CPU.ActiveCfg = Release|Any CPU
		{BEF11239-39CA-4C4A-B602-597DEFD868BC}.Release|Any CPU.Build.0 = Release|Any CPU
		{B5978B4E-419B-45F0-8D33-BC4C71F67949}.Debug|Any CPU.ActiveCfg = Debug|Any CPU
		{B5978B4E-419B-45F0-8D33-BC4C71F67949}.Debug|Any CPU.Build.0 = Debug|Any CPU
		{B5978B4E-419B-45F0-8D33-BC4C71F67949}.Release|Any CPU.ActiveCfg = Release|Any CPU
		{B5978B4E-419B-45F0-8D33-BC4C71F67949}.Release|Any CPU.Build.0 = Release|Any CPU
		{51B21E41-3591-4B51-9E85-77D74E1F1F7C}.Debug|Any CPU.ActiveCfg = Debug|Any CPU
		{51B21E41-3591-4B51-9E85-77D74E1F1F7C}.Debug|Any CPU.Build.0 = Debug|Any CPU
		{51B21E41-3591-4B51-9E85-77D74E1F1F7C}.Release|Any CPU.ActiveCfg = Release|Any CPU
		{51B21E41-3591-4B51-9E85-77D74E1F1F7C}.Release|Any CPU.Build.0 = Release|Any CPU
	EndGlobalSection
EndGlobal
